
Microsoft Visual Studio Solution File, Format Version 12.00
# Visual Studio Version 17
VisualStudioVersion = 17.14.36203.30
MinimumVisualStudioVersion = 10.0.40219.1
Project("{FAE04EC0-301F-11D3-BF4B-00C04F79EFBC}") = "PagamentosService", "PagamentosService\PagamentosService.csproj", "{121D537C-4D18-443F-8E98-2C2257054865}"
EndProject
Global
	GlobalSection(SolutionConfigurationPlatforms) = preSolution
		Debug|Any CPU = Debug|Any CPU
		Release|Any CPU = Release|Any CPU
	EndGlobalSection
	GlobalSection(ProjectConfigurationPlatforms) = postSolution
		{121D537C-4D18-443F-8E98-2C2257054865}.Debug|Any CPU.ActiveCfg = Debug|Any CPU
		{121D537C-4D18-443F-8E98-2C2257054865}.Debug|Any CPU.Build.0 = Debug|Any CPU
		{121D537C-4D18-443F-8E98-2C2257054865}.Release|Any CPU.ActiveCfg = Release|Any CPU
		{121D537C-4D18-443F-8E98-2C2257054865}.Release|Any CPU.Build.0 = Release|Any CPU
	EndGlobalSection
	GlobalSection(SolutionProperties) = preSolution
		HideSolutionNode = FALSE
	EndGlobalSection
	GlobalSection(ExtensibilityGlobals) = postSolution
		SolutionGuid = {26D3C023-88F0-4FBF-9156-FEA047656C65}
	EndGlobalSection
EndGlobal
